PODS:
  - ATGestureLockView (0.2.1-rc.5):
    - TYBlockKit
    - TYFoundationKit
    - TYUIKit
  - boost-for-react-native (1.63.0)
  - CocoaAsyncSocket (7.6.5)
  - DACircularProgress (2.3.1)
  - DoubleConversion (1.1.6)
  - dsBridge (3.0.203)
  - EZAudio (1.1.5):
    - EZAudio/Full (= 1.1.5)
  - EZAudio/Core (1.1.5)
  - EZAudio/Full (1.1.5):
    - EZAudio/Core
    - TPCircularBuffer (= 1.1)
  - Folly (2018.10.22.00):
    - boost-for-react-native
    - DoubleConversion
    - glog
  - glog (0.3.5)
  - HMSegmentedControl (1.5.7.tuya)
  - IQKeyboardManager (6.5.11)
  - libextobjc (0.6):
    - libextobjc/EXTADT (= 0.6)
    - libextobjc/EXTConcreteProtocol (= 0.6)
    - libextobjc/EXTKeyPathCoding (= 0.6)
    - libextobjc/EXTNil (= 0.6)
    - libextobjc/EXTSafeCategory (= 0.6)
    - libextobjc/EXTScope (= 0.6)
    - libextobjc/EXTSelectorChecking (= 0.6)
    - libextobjc/EXTSynthesize (= 0.6)
    - "libextobjc/NSInvocation+EXT (= 0.6)"
    - "libextobjc/NSMethodSignature+EXT (= 0.6)"
    - libextobjc/RuntimeExtensions (= 0.6)
    - libextobjc/UmbrellaHeader (= 0.6)
  - libextobjc/EXTADT (0.6):
    - libextobjc/RuntimeExtensions
  - libextobjc/EXTConcreteProtocol (0.6):
    - libextobjc/RuntimeExtensions
  - libextobjc/EXTKeyPathCoding (0.6):
    - libextobjc/RuntimeExtensions
  - libextobjc/EXTNil (0.6):
    - libextobjc/RuntimeExtensions
  - libextobjc/EXTSafeCategory (0.6):
    - libextobjc/RuntimeExtensions
  - libextobjc/EXTScope (0.6):
    - libextobjc/RuntimeExtensions
  - libextobjc/EXTSelectorChecking (0.6):
    - libextobjc/RuntimeExtensions
  - libextobjc/EXTSynthesize (0.6):
    - libextobjc/RuntimeExtensions
  - "libextobjc/NSInvocation+EXT (0.6)":
    - libextobjc/RuntimeExtensions
  - "libextobjc/NSMethodSignature+EXT (0.6)":
    - libextobjc/RuntimeExtensions
  - libextobjc/RuntimeExtensions (0.6)
  - libextobjc/UmbrellaHeader (0.6)
  - libwebp (1.3.2):
    - libwebp/demux (= 1.3.2)
    - libwebp/mux (= 1.3.2)
    - libwebp/sharpyuv (= 1.3.2)
    - libwebp/webp (= 1.3.2)
  - libwebp/demux (1.3.2):
    - libwebp/webp
  - libwebp/mux (1.3.2):
    - libwebp/demux
  - libwebp/sharpyuv (1.3.2)
  - libwebp/webp (1.3.2):
    - libwebp/sharpyuv
  - lottie-ios (2.5.0)
  - Masonry (1.1.0)
  - MJRefresh (3.7.6)
  - MMKV (1.0.18)
  - Reachability (3.2)
  - React (0.59.10.9):
    - boost-for-react-native (= 1.63.0)
    - DoubleConversion
    - Folly
    - glog
    - yoga
  - react-native-image-picker (0.26.7.3):
    - React
  - react-native-maps (0.14.0.1):
    - React
  - react-native-video (3.2.1.3):
    - React
  - rn-fetch-blob (0.10.15.3):
    - React
  - RNSVG (5.5.1.2):
    - React
  - RNViewShot (2.3.0.3):
    - React
  - SDWebImage (5.19.0):
    - SDWebImage/Core (= 5.19.0)
  - SDWebImage/Core (5.19.0)
  - SVProgressHUD (2.2.5)
  - TheAmazingAudioEngine (1.5.9)
  - TPCircularBuffer (1.1)
  - TuyaBusinessService (0.0.3-rc.6):
    - TuyaSmartDeviceCoreKit
  - TuyaCommercialLightingActivatorBizBundle (1.11.5.1):
    - DACircularProgress
    - dsBridge
    - HMSegmentedControl (= 1.5.7.tuya)
    - IQKeyboardManager
    - lottie-ios
    - Masonry
    - MJRefresh
    - MMKV
    - Reachability
    - TuyaBusinessService (= 0.0.3-rc.6)
    - TuyaNormalUI (= 0.2.1.1)
    - TuyaSmartActivatorCoreKit
    - TuyaSmartActivatorExtraBizBundle (= 0.1.1)
    - TuyaSmartBaseKit
    - TuyaSmartBizCore (= 3.32.5)
    - TuyaSmartCommercialLightingSdk
    - TuyaSmartDeviceCoreKit
    - TuyaSmartFeedbackKit
    - TuyaSmartUtil
    - TYActivatorModule (= 2.8.0-patch.2-Lamp-1.11.0-rc.2)
    - TYAlertView (= 1.1.4)
    - TYBaseDebugger (= 1.1.0)
    - TYBlockKit (= 0.1.0)
    - TYBluetoothInterface (= 1.4.1)
    - TYConfigHub (= 1.0.10-rc.2)
    - TYDomainQueryModule
    - TYEncryptImage
    - TYFeedBackModule (= 1.1.3)
    - TYFoundationKit
    - TYHelpCenterModule (= 0.0.4)
    - TYHybridContainer (= 1.5.1)
    - TYKVStorageLibrary (= 0.5.1)
    - TYLampModuleServices (= 1.11.6)
    - TYLogMacro (= 0.1.0)
    - TYModuleManager (= 2.10.3)
    - TYModuleServices (= 2.27.8-lampbizbundle-1.11.5.4.2)
    - TYNavigationController
    - TYOEMConfig (= 1.25.16-tybizbundle.3.32.5-rc.1)
    - TYPhotoBrowser (= 1.1.2)
    - TYPopupViewController (= 0.2.1-rc.6)
    - TYProgressHUD (= 0.2.4.1)
    - TYQRCodeModule (= 1.9.3)
    - TYRealClass (= 0.1.0)
    - TYSmartActionDialog (= 0.4.1)
    - TYSmartBusinessLibrary (= 3.32.5-feature-biz-3.32.5.1)
    - TYSmartEventPredefined (= 1.2.84)
    - TYSmartEventPredefined_Public (= 0.0.14)
    - TYSmartLampActivatorLink (= 1.11.0-rc.3)
    - TYSocketPing (= 1.0.0)
    - TYTabPagingView (= 1.0.5)
    - TYThemeModule (= 0.7.1)
    - TYUIConfig (= 0.1.5)
    - TYUIKit
    - TYUrlPredefined (= 0.2.106)
    - TYUrlPredefinedExternal (= 0.2.52)
    - TYVideoPlayer (= 2.0.3-lamp-rc.1)
    - TZImagePickerController
    - YYModel
  - TuyaCommercialLightingKit (1.12.5):
    - TuyaLightingEnergyConsumptionKit
    - TuyaSmartBaseKit
    - TuyaSmartBLEKit
    - TuyaSmartBLEMeshKit
    - TuyaSmartDeviceCoreKit
    - TuyaSmartUserToBKit
    - TYBluetooth (< 10.0)
  - TuyaCommercialLightingPanelBizBundle (1.11.5.1):
    - ATGestureLockView (= 0.2.1-rc.5)
    - boost-for-react-native
    - DACircularProgress
    - DoubleConversion
    - dsBridge
    - EZAudio
    - EZAudio/Core
    - EZAudio/Full
    - Folly
    - glog
    - lottie-ios
    - Masonry
    - MJRefresh
    - MMKV
    - Reachability
    - React (= 0.59.10.9)
    - react-native-image-picker (= 0.26.7.3)
    - react-native-maps (= 0.14.0.1)
    - react-native-video (= 3.2.1.3)
    - rn-fetch-blob (= 0.10.15.3)
    - RNSVG (= 5.5.1.2)
    - RNViewShot (= 2.3.0.3)
    - TheAmazingAudioEngine
    - TPCircularBuffer
    - TuyaBusinessService (= 0.0.3-rc.6)
    - TuyaNormalUI (= 0.2.1.1)
    - TuyaRNApi/Basic (= 5.44.0-lampbizbundle-1.11.5.1)
    - TuyaRNApi/Core (= 5.44.0-lampbizbundle-1.11.5.1)
    - TuyaSmartActivatorCoreKit
    - TuyaSmartBaseKit
    - TuyaSmartBizCore (= 3.32.5)
    - TuyaSmartCommercialLightingSdk
    - TuyaSmartDeviceCoreKit
    - TuyaSmartTimerKit
    - TuyaSmartUtil
    - TYAlertPickerComponent (= 0.3.1)
    - TYAlertView (= 1.1.4)
    - TYAnimationKit (= 1.1.3)
    - TYBaseDebugger (= 1.1.0)
    - TYBleGatewayService (= 0.0.4-rc.2)
    - TYBlockKit (= 0.1.0)
    - TYBluetoothInterface (= 1.4.1)
    - TYCamCaptureKit (= 1.1.0)
    - TYConfigHub (= 1.0.10-rc.2)
    - TYEncryptImage
    - TYFileDownloadManager (= 1.0.0)
    - TYFileUploadKit (= 0.0.1)
    - TYFoundationKit
    - TYHybridContainer (= 1.5.1)
    - TYKVStorageLibrary (= 0.5.1)
    - TYLampModuleServices (= 1.11.6)
    - TYLogMacro (= 0.1.0)
    - TYModuleManager (= 2.10.3)
    - TYModuleServices (= 2.27.8-lampbizbundle-1.11.5.4.2)
    - TYNavigationController
    - TYOEMConfig (= 1.25.16-tybizbundle.3.32.5-rc.1)
    - TYPanelBundleManager (= 1.4.2-rc.1)
    - TYPanelContext (= 0.4.7)
    - TYPanelModule (= 2.9.9-rc.2)
    - TYPhotoBrowser (= 1.1.2)
    - TYProgressHUD (= 0.2.4.1)
    - TYRCTAESImageView (= 1.1.1)
    - TYRCTAnimatedImageManager (= 1.0.4)
    - TYRCTAPMEventManager (= 1.0.7)
    - TYRCTAPMTrackManager (= 1.0.9)
    - TYRCTAudioPlayerManager (= 1.0.2)
    - TYRCTBLEManager (= 1.5.2-rc.3)
    - TYRCTBluetoothUtilManager (= 1.1.4)
    - TYRCTCameraViewManager (= 1.0.3-lampbizbundle-1.11.5.1)
    - TYRCTCameraViewMotionManager (= 1.0.0)
    - TYRCTConicGradientViewManager (= 1.0.3)
    - TYRCTCountrySelectManager (= 1.0.7)
    - TYRCTCurveChartView (= 1.0.11-rc.1)
    - TYRCTDeviceMultiManager (= 1.1.3)
    - TYRCTEncryptImageDownloadManager (= 1.0.15-rc.1)
    - TYRCTFileDownloadManager (= 1.0.0-rc.15)
    - TYRCTFileManager (= 1.0.0)
    - TYRCTGestureLockViewManager (= 1.0.14)
    - TYRCTHapticsManager (= 1.0.0)
    - TYRCTHomeDevManager (= 1.2.1-rc.2)
    - TYRCTHomeManager (= 1.2.4)
    - TYRCTHueCircleView (= 1.0.8.rc.1)
    - TYRCTIoTCardManager (= 1.0.0-rc.20)
    - TYRCTLifecycleManager (= 1.0.0-rc.1)
    - TYRCTLineChartView (= 1.0.8)
    - TYRCTLocalAlarmManager (= 1.0.1-rc.2)
    - TYRCTMeshPanelManager (= 1.2.0-rc.2)
    - TYRCTMqttManager (= 1.0.14-lampbizbundle-1.11.5.1)
    - TYRCTMultiImagePickerManager (= 1.2.1-rc.1)
    - TYRCTMultiLineChartView (= 1.0.8)
    - TYRCTMusicManager (= 1.1.33-rc.1)
    - TYRCTNavManager (= 1.2.2-rc.7)
    - TYRCTNewTopBar (= 1.0.9.rc.3)
    - TYRCTOfficialGeofenceManager (= 1.0.1)
    - TYRCTOrientationManager (= 1.0.11)
    - TYRCTPanelDeviceManager (= 1.2.1-rc.1)
    - TYRCTPanelManager (= 1.6.5-rc.2)
    - TYRCTPicker (= 2.0.4)
    - TYRCTPublicBLEBeaconManager (= 1.0.0-rc.15)
    - TYRCTPublicBLELockManager (= 1.0.3-rc.6)
    - TYRCTPublicManager (= 1.0.37-rc.4)
    - TYRCTRouteGatewayManager (= 1.0.43-rc.1)
    - TYRCTShareManager (= 1.1.0-rc.10)
    - TYRCTSlider (= 1.0.9)
    - TYRCTStandardGroupManager (= 1.1.10-rc.2)
    - TYRCTSwitch (= 1.0.10)
    - TYRCTTopBar (= 1.0.19)
    - TYRCTUserManager (= 1.0.3)
    - TYRCTZigbeeEventManager (= 1.1.0-rc.1)
    - TYReactNative (= 0.3.0)
    - TYSmartActionDialog (= 0.4.1)
    - TYSmartBusinessLibrary (= 3.32.5-feature-biz-3.32.5.1)
    - TYSmartEventPredefined (= 1.2.84)
    - TYSmartEventPredefined_Public (= 0.0.14)
    - TYSmartLampPanelLink (= 1.11.0-rc.5)
    - TYTarKit (= 0.1.5)
    - TYThemeModule (= 0.7.1)
    - TYTimerModule (= 2.7.1)
    - TYUIConfig (= 0.1.5)
    - TYUIKit
    - TYUrlPredefined (= 0.2.106)
    - TYUrlPredefinedExternal (= 0.2.52)
    - TYVideoCipper (= 1.0.1-tybizbundle.3.22.0-1)
    - TYVideoPlayer (= 2.0.3-lamp-rc.1)
    - TZImagePickerController
    - yoga (= 0.59.10)
    - YYModel
  - TuyaLightingEnergyConsumptionKit (1.0.2):
    - TuyaSmartBaseKit
    - YYModel
  - TuyaNormalUI (0.2.1.1):
    - Masonry
    - TYOEMConfig
    - TYUIKit
  - TuyaRNApi/Basic (5.44.0-lampbizbundle-1.11.5.1):
    - TuyaRNApi/Core
    - TYRCTAESImageView (= 1.1.1)
    - TYRCTAnimatedImageManager (= 1.0.4)
    - TYRCTAPMEventManager (= 1.0.7)
    - TYRCTAPMTrackManager (= 1.0.9)
    - TYRCTAudioPlayerManager (= 1.0.2)
    - TYRCTBLEManager (= 1.5.2-rc.3)
    - TYRCTBluetoothUtilManager (= 1.1.4)
    - TYRCTCameraViewManager (= 1.0.3-lampbizbundle-1.11.5.1)
    - TYRCTCameraViewMotionManager (= 1.0.0)
    - TYRCTConicGradientViewManager (= 1.0.3)
    - TYRCTCountrySelectManager (= 1.0.7)
    - TYRCTCurveChartView (= 1.0.11-rc.1)
    - TYRCTDeviceMultiManager (= 1.1.3)
    - TYRCTEncryptImageDownloadManager (= 1.0.15-rc.1)
    - TYRCTFileDownloadManager (= 1.0.0-rc.15)
    - TYRCTFileManager (= 1.0.0)
    - TYRCTGestureLockViewManager (= 1.0.14)
    - TYRCTHapticsManager (= 1.0.0)
    - TYRCTHomeDevManager (= 1.2.1-rc.2)
    - TYRCTHomeManager (= 1.2.4)
    - TYRCTHueCircleView (= 1.0.8.rc.1)
    - TYRCTIoTCardManager (= 1.0.0-rc.20)
    - TYRCTLifecycleManager (= 1.0.0-rc.1)
    - TYRCTLineChartView (= 1.0.8)
    - TYRCTLocalAlarmManager (= 1.0.1-rc.2)
    - TYRCTMeshPanelManager (= 1.2.0-rc.2)
    - TYRCTMqttManager (= 1.0.14-lampbizbundle-1.11.5.1)
    - TYRCTMultiImagePickerManager (= 1.2.1-rc.1)
    - TYRCTMultiLineChartView (= 1.0.8)
    - TYRCTMusicManager (= 1.1.33-rc.1)
    - TYRCTNavManager (= 1.2.2-rc.7)
    - TYRCTNewTopBar (= 1.0.9.rc.3)
    - TYRCTOfficialGeofenceManager (= 1.0.1)
    - TYRCTOrientationManager (= 1.0.11)
    - TYRCTPanelDeviceManager (= 1.2.1-rc.1)
    - TYRCTPanelManager (= 1.6.5-rc.2)
    - TYRCTPicker (= 2.0.4)
    - TYRCTPublicBLEBeaconManager (= 1.0.0-rc.15)
    - TYRCTPublicBLELockManager (= 1.0.3-rc.6)
    - TYRCTPublicManager (= 1.0.37-rc.4)
    - TYRCTRouteGatewayManager (= 1.0.43-rc.1)
    - TYRCTShareManager (= 1.1.0-rc.10)
    - TYRCTSlider (= 1.0.9)
    - TYRCTStandardGroupManager (= 1.1.10-rc.2)
    - TYRCTSwitch (= 1.0.10)
    - TYRCTTopBar (= 1.0.19)
    - TYRCTUserManager (= 1.0.3)
    - TYRCTZigbeeEventManager (= 1.1.0-rc.1)
  - TuyaRNApi/Core (5.44.0-lampbizbundle-1.11.5.1)
  - TuyaSmartActivatorCoreKit (3.33.2):
    - TuyaSmartDeviceCoreKit (>= 3.32.0)
    - TuyaSmartMbedTLS (>= 3.33.1)
  - TuyaSmartActivatorExtraBizBundle (0.1.1):
    - TuyaSmartBaseKit
  - TuyaSmartBaseKit (3.33.2):
    - TuyaSmartNetworkKit (>= 3.32.0)
    - YYModel
  - TuyaSmartBizCore (3.32.5):
    - TuyaSmartBaseKit
    - TYFoundationKit
    - TYModuleManager
    - TYModuleServices
    - TYOEMConfig
    - TYSmartBusinessLibrary
    - TYThemeModule
  - TuyaSmartBLECoreKit (3.34.10):
    - TuyaSmartUtil (>= 3.32.0)
    - TYBluetooth (< 10.0)
    - YYModel
  - TuyaSmartBLEKit (3.34.10):
    - TuyaSmartBLECoreKit (~> 3.34.9)
    - TuyaSmartDeviceCoreKit (>= 3.32.0)
    - TYBluetooth (>= 3.32.0)
  - TuyaSmartBLEMeshKit (3.34.7):
    - TuyaSmartActivatorCoreKit (>= 3.32.0)
    - TuyaSmartBLEKit (>= 3.32.0)
    - TuyaSmartDeviceCoreKit (>= 3.34.0)
  - TuyaSmartCommercialLightingSdk (1.12.0):
    - TuyaCommercialLightingKit
  - TuyaSmartDeviceCoreKit (3.34.8):
    - TuyaSmartBaseKit (>= 3.32.0)
    - TuyaSmartMQTTChannelKit (>= 3.32.0)
    - TuyaSmartSocketChannelKit (>= 3.32.0)
    - TuyaSmartUtil (>= 3.32.0)
  - TuyaSmartFeedbackKit (3.33.5):
    - TuyaSmartBaseKit
  - TuyaSmartMbedTLS (3.33.3):
    - TYMbedtls (>= 2.25.1)
  - TuyaSmartMQTTChannelKit (3.32.0):
    - TuyaSmartNetworkKit (>= 3.32.0)
    - TuyaSmartQUIC (>= 1.1.4)
  - TuyaSmartNetworkKit (3.34.5):
    - TuyaSmartUtil (>= 3.32.5)
    - YYModel
  - TuyaSmartQUIC (1.2.0)
  - TuyaSmartSocketChannelKit (3.33.0):
    - CocoaAsyncSocket (>= 7.4.3)
    - TuyaSmartUtil (>= 3.32.0)
  - TuyaSmartTimerKit (3.33.0):
    - TuyaSmartBaseKit
    - TuyaSmartDeviceCoreKit
  - TuyaSmartUserToBKit (3.26.6):
    - TuyaSmartBaseKit
  - TuyaSmartUtil (3.32.5)
  - TYActivatorModule (2.8.0-patch.2-Lamp-1.11.0-rc.2):
    - DACircularProgress
    - IQKeyboardManager
    - lottie-ios (= 2.5.0)
    - Masonry
    - TuyaBusinessService
    - TuyaSmartActivatorCoreKit
    - TuyaSmartActivatorExtraBizBundle
    - TuyaSmartBaseKit
    - TYBluetoothInterface
    - TYConfigHub
    - TYEncryptImage
    - TYFoundationKit
    - TYKVStorageLibrary
    - TYModuleManager
    - TYModuleServices
    - TYOEMConfig
    - TYPopupViewController
    - TYRealClass
    - TYSmartBusinessLibrary
    - TYSmartEventPredefined
    - TYSmartEventPredefined_Public
    - TYSocketPing
    - TYTabPagingView
    - TYUIKit
    - TYUrlPredefined
    - TYVideoPlayer
    - YYModel
  - TYAlertPickerComponent (0.3.1):
    - TYAnimationKit
    - TYSmartBusinessLibrary
  - TYAlertView (1.1.4):
    - Masonry
    - TYFoundationKit
    - TYOEMConfig
    - TYUIKit
  - TYAnimationKit (1.1.3):
    - TYModuleManager
    - TYNavigationController
  - TYBaseDebugger (1.1.0):
    - Masonry
    - TYOEMConfig
    - TYUIKit
  - TYBleGatewayService (0.0.4-rc.2):
    - TuyaBusinessService
    - TYBluetoothInterface
    - TYModuleManager
    - TYModuleServices
  - TYBLEInterfaceImpl (0.3.0-lampbizbundle-1.11.5.1.3):
    - TuyaCommercialLightingKit
    - TuyaSmartBaseKit
    - TuyaSmartBLEKit
    - TuyaSmartCommercialLightingSdk
    - TuyaSmartDeviceCoreKit
    - TuyaSmartUtil
    - TYBLELampManager (= 1.12.0)
    - TYBluetoothInterface (= 1.4.1)
    - TYLampModuleServices (= 1.11.6)
    - TYModuleManager (= 2.10.3)
    - TYModuleServices (= 2.27.8-lampbizbundle-1.11.5.4.2)
  - TYBLELampManager (1.12.0):
    - TuyaSmartCommercialLightingSdk
    - TuyaSmartDeviceCoreKit
    - TYBluetoothInterface
    - TYLampModuleServices
    - TYModuleManager
  - TYBLEMeshInterfaceImpl (0.0.9-lampbizbundle-1.11.5.1.3):
    - Reachability
    - TuyaCommercialLightingKit
    - TuyaSmartBaseKit
    - TuyaSmartBLEMeshKit
    - TuyaSmartCommercialLightingSdk
    - TuyaSmartDeviceCoreKit
    - TuyaSmartUtil
    - TYBLELampManager (= 1.12.0)
    - TYBluetoothInterface (= 1.4.1)
    - TYFoundationKit
    - TYLampModuleServices (= 1.11.6)
    - TYModuleManager (= 2.10.3)
    - TYModuleServices (= 2.27.8-lampbizbundle-1.11.5.4.2)
    - TYOEMConfig (= 1.25.16-tybizbundle.3.32.5-rc.1)
    - YYModel
  - TYBlockKit (0.1.0)
  - TYBluetooth (3.34.1):
    - TuyaSmartUtil (>= 3.32.0)
  - TYBluetoothInterface (1.4.1):
    - TuyaSmartBaseKit
    - TuyaSmartDeviceCoreKit
    - TuyaSmartUtil
  - TYCamCaptureKit (1.1.0)
  - TYConfigHub (1.0.10-rc.2):
    - TuyaSmartBaseKit
    - TuyaSmartUtil
    - TYBlockKit
    - TYFoundationKit
    - TYModuleManager
    - TYModuleServices
    - TYSmartEventPredefined
    - YYModel
  - TYDomainQueryModule (0.2.0):
    - TuyaSmartBaseKit
    - TYFoundationKit
    - TYKVStorageLibrary
    - TYModuleManager
    - TYModuleServices
    - TYSmartBusinessLibrary
  - TYEncryptImage (4.29.8):
    - libwebp
  - TYFeedBackModule (1.1.3):
    - TuyaSmartFeedbackKit
    - TYFoundationKit
    - TYModuleManager
    - TYModuleServices
    - TYSmartBusinessLibrary
    - TYUIKit
    - YYModel
  - TYFileDownloadManager (1.0.0)
  - TYFileUploadKit (0.0.1):
    - TuyaSmartBaseKit
    - TYLogMacro
  - TYFoundationKit (1.17.1):
    - Reachability
  - TYHelpCenterModule (0.0.4):
    - TYDomainQueryModule
    - TYFoundationKit
    - TYHybridContainer
    - TYModuleManager
    - TYModuleServices
  - TYHybridContainer (1.5.1):
    - dsBridge (~> 3.0.202)
    - TYBaseDebugger
    - TYConfigHub
    - TYEncryptImage
    - TYKVStorageLibrary
    - TYModuleManager
    - TYModuleServices
    - TYNavigationController
    - TYPhotoBrowser
    - TYSmartBusinessLibrary
    - TYUIKit
    - TYUrlPredefined
    - TYVideoPlayer
    - TZImagePickerController
  - TYKVStorageLibrary (0.5.1):
    - MMKV
    - TuyaSmartBaseKit
  - TYLampModuleServices (1.11.6)
  - TYLogMacro (0.1.0)
  - TYMbedtls (2.25.2)
  - TYModuleManager (2.10.3)
  - TYModuleServices (2.27.8-lampbizbundle-1.11.5.4.2)
  - TYNavigationController (1.14.10.1):
    - TYFoundationKit
  - TYOEMConfig (1.25.16-tybizbundle.3.32.5-rc.1):
    - TuyaSmartBaseKit
    - TYFoundationKit
    - YYModel
  - TYPanelBundleManager (1.4.2-rc.1):
    - DACircularProgress
    - TuyaSmartBaseKit
    - TuyaSmartDeviceCoreKit
    - TuyaSmartUtil
    - TYFoundationKit
    - TYKVStorageLibrary
    - TYLogMacro
    - TYOEMConfig
    - TYSmartEventPredefined
    - TYTarKit
    - TYUIKit
  - TYPanelContext (0.4.7):
    - React
    - TuyaSmartBaseKit
    - TYModuleManager
    - TYModuleServices
  - TYPanelModule (2.9.9-rc.2):
    - TuyaBusinessService
    - TuyaRNApi/Core
    - TYAlertPickerComponent
    - TYBleGatewayService
    - TYBluetoothInterface
    - TYLogMacro
    - TYModuleManager
    - TYModuleServices
    - TYPanelBundleManager
    - TYPanelContext
    - TYSmartBusinessLibrary
    - TYSmartEventPredefined
  - TYPhotoBrowser (1.1.2):
    - TYEncryptImage
    - TYUIKit
  - TYPopupViewController (0.2.1-rc.6):
    - TYOEMConfig
  - TYProgressHUD (0.2.4.1):
    - Masonry
    - TYFoundationKit
    - TYOEMConfig
    - TYUIKit
  - TYQRCodeModule (1.9.3):
    - TuyaSmartBaseKit
    - TYFoundationKit
    - TYLogMacro
    - TYModuleManager
    - TYModuleServices
    - TYSmartBusinessLibrary
    - TYUIKit
    - TYUrlPredefined
    - YYModel
  - TYRCTAESImageView (1.1.1):
    - TYEncryptImage
    - TYFoundationKit
    - TYPanelContext
  - TYRCTAnimatedImageManager (1.0.4):
    - TYEncryptImage
    - TYPanelContext
  - TYRCTAPMEventManager (1.0.7):
    - TYPanelContext
    - TYReactNative
  - TYRCTAPMTrackManager (1.0.9):
    - TYPanelContext
    - TYReactNative
  - TYRCTAudioPlayerManager (1.0.2):
    - TYPanelContext
  - TYRCTBLEManager (1.5.2-rc.3):
    - Reachability
    - TYBluetoothInterface
    - TYPanelContext
  - TYRCTBluetoothUtilManager (1.1.4):
    - TYBluetoothInterface
    - TYPanelContext
    - TYReactNative
  - TYRCTCameraViewManager (1.0.3-lampbizbundle-1.11.5.1):
    - TYCamCaptureKit
    - TYPanelContext
  - TYRCTCameraViewMotionManager (1.0.0):
    - TYCamCaptureKit
    - TYPanelContext
  - TYRCTConicGradientViewManager (1.0.3):
    - TYPanelContext
    - TYReactNative
  - TYRCTCountrySelectManager (1.0.7):
    - TYPanelContext
    - TYReactNative
    - TYSmartBusinessLibrary
  - TYRCTCurveChartView (1.0.11-rc.1):
    - TYNavigationController
    - TYPanelContext
    - TYUIKit
  - TYRCTDeviceMultiManager (1.1.3):
    - TuyaBusinessService
    - TuyaSmartDeviceCoreKit
    - TYPanelContext
  - TYRCTEncryptImageDownloadManager (1.0.15-rc.1):
    - TYEncryptImage
    - TYPanelContext
    - TYSmartBusinessLibrary
  - TYRCTFileDownloadManager (1.0.0-rc.15):
    - TYFileDownloadManager
    - TYPanelContext
  - TYRCTFileManager (1.0.0):
    - TYFileUploadKit
    - TYPanelContext
  - TYRCTGestureLockViewManager (1.0.14):
    - ATGestureLockView
    - TYPanelContext
    - TYReactNative
  - TYRCTHapticsManager (1.0.0):
    - TYPanelContext
  - TYRCTHomeDevManager (1.2.1-rc.2):
    - TuyaBusinessService
    - TuyaSmartDeviceCoreKit
    - TYFoundationKit
    - TYPanelContext
  - TYRCTHomeManager (1.2.4):
    - TYPanelContext
    - TYReactNative
  - TYRCTHueCircleView (1.0.8.rc.1):
    - TYNavigationController
    - TYPanelContext
    - TYUIKit
  - TYRCTIoTCardManager (1.0.0-rc.20):
    - TuyaSmartBaseKit
    - TuyaSmartDeviceCoreKit
    - TYAlertView
    - TYFoundationKit
    - TYHybridContainer
    - TYKVStorageLibrary
    - TYLogMacro
    - TYModuleManager
    - TYModuleServices
    - TYOEMConfig
    - TYPanelContext
    - TYSmartBusinessLibrary
    - TYSmartEventPredefined_Public
    - TYUIKit
  - TYRCTLifecycleManager (1.0.0-rc.1):
    - TYLogMacro
    - TYPanelContext
  - TYRCTLineChartView (1.0.8):
    - TYPanelContext
    - TYUIKit
  - TYRCTLocalAlarmManager (1.0.1-rc.2):
    - TuyaSmartUtil
    - TYFoundationKit
    - TYModuleServices
    - TYPanelContext
  - TYRCTMeshPanelManager (1.2.0-rc.2):
    - TYBluetoothInterface
    - TYFoundationKit
    - TYModuleServices
    - TYPanelContext
  - TYRCTMqttManager (1.0.14-lampbizbundle-1.11.5.1):
    - TuyaSmartDeviceCoreKit
    - TYPanelContext
  - TYRCTMultiImagePickerManager (1.2.1-rc.1):
    - TYFoundationKit
    - TYNavigationController
    - TYOEMConfig
    - TYPanelContext
    - TYVideoCipper
    - TZImagePickerController
  - TYRCTMultiLineChartView (1.0.8):
    - TYPanelContext
    - TYReactNative
    - TYUIKit
  - TYRCTMusicManager (1.1.33-rc.1):
    - EZAudio
    - TYPanelContext
  - TYRCTNavManager (1.2.2-rc.7):
    - TuyaSmartDeviceCoreKit
    - TYPanelBundleManager
    - TYPanelContext
    - TYUIKit
  - TYRCTNewTopBar (1.0.9.rc.3):
    - TYPanelContext
    - TYUIKit
  - TYRCTOfficialGeofenceManager (1.0.1):
    - TYFoundationKit
    - TYModuleManager
    - TYModuleServices
    - TYOEMConfig
    - TYPanelContext
    - TYUIKit
  - TYRCTOrientationManager (1.0.11):
    - TYFoundationKit
    - TYPanelContext
  - TYRCTPanelDeviceManager (1.2.1-rc.1):
    - TuyaSmartDeviceCoreKit
    - TYFoundationKit
    - TYPanelContext
  - TYRCTPanelManager (1.6.5-rc.2):
    - TuyaBusinessService
    - TuyaSmartActivatorCoreKit
    - TuyaSmartDeviceCoreKit
    - TYBluetoothInterface
    - TYKVStorageLibrary
    - TYModuleServices
    - TYNavigationController
    - TYOEMConfig
    - TYPanelContext
    - TYSmartBusinessLibrary
  - TYRCTPicker (2.0.4):
    - TYPanelContext
  - TYRCTPublicBLEBeaconManager (1.0.0-rc.15):
    - TYBluetoothInterface
    - TYPanelContext
  - TYRCTPublicBLELockManager (1.0.3-rc.6):
    - TuyaBusinessService
    - TuyaSmartUtil
    - TYBluetoothInterface
    - TYFoundationKit
    - TYKVStorageLibrary
    - TYLogMacro
    - TYModuleManager
    - TYModuleServices
    - TYOEMConfig
    - TYPanelContext
    - TYUIKit
    - YYModel
  - TYRCTPublicManager (1.0.37-rc.4):
    - TheAmazingAudioEngine
    - TuyaSmartDeviceCoreKit
    - TYBlockKit
    - TYLogMacro
    - TYPanelContext
    - TYSmartBusinessLibrary
  - TYRCTRouteGatewayManager (1.0.43-rc.1):
    - TuyaBusinessService
    - TuyaSmartDeviceCoreKit
    - TYModuleServices
    - TYPanelContext
  - TYRCTShareManager (1.1.0-rc.10):
    - TYPanelContext
  - TYRCTSlider (1.0.9):
    - TYPanelContext
    - TYReactNative
    - TYSmartBusinessLibrary
    - TYUIKit
  - TYRCTStandardGroupManager (1.1.10-rc.2):
    - TuyaBusinessService
    - TuyaSmartDeviceCoreKit
    - TYBluetoothInterface
    - TYFoundationKit
    - TYPanelContext
  - TYRCTSwitch (1.0.10):
    - TYPanelContext
  - TYRCTTopBar (1.0.19):
    - TYNavigationController
    - TYPanelContext
    - TYSmartBusinessLibrary
    - TYUIKit
  - TYRCTUserManager (1.0.3):
    - TYModuleManager
    - TYModuleServices
    - TYPanelContext
    - TYReactNative
  - TYRCTZigbeeEventManager (1.1.0-rc.1):
    - TYPanelContext
  - TYReactNative (0.3.0):
    - React
    - react-native-image-picker
    - react-native-maps
    - react-native-video
    - rn-fetch-blob
    - RNSVG
    - RNViewShot
  - TYRealClass (0.1.0)
  - TYSmartActionDialog (0.4.1):
    - Masonry
    - TYFoundationKit
    - TYLogMacro
    - TYUIKit
  - TYSmartBusinessLibrary (3.32.5-feature-biz-3.32.5.1):
    - lottie-ios (~> 2.0)
    - Masonry
    - MJRefresh
    - Reachability
    - TuyaNormalUI
    - TuyaSmartBaseKit
    - TYAlertView
    - TYBlockKit
    - TYEncryptImage
    - TYFoundationKit
    - TYKVStorageLibrary
    - TYLogMacro
    - TYNavigationController
    - TYOEMConfig
    - TYProgressHUD
    - TYSmartActionDialog
    - TYUIConfig
    - TYUIKit
  - TYSmartEventPredefined (1.2.84)
  - TYSmartEventPredefined_Public (0.0.14)
  - TYSmartLampActivatorLink (1.11.0-rc.3):
    - TuyaBusinessService
    - TuyaSmartCommercialLightingSdk
    - TYFoundationKit
    - TYLampModuleServices
    - TYModuleManager
    - TYModuleServices
  - TYSmartLampPanelLink (1.11.0-rc.5):
    - TuyaBusinessService
    - TuyaSmartCommercialLightingSdk
    - TYFoundationKit
    - TYLampModuleServices
    - TYModuleManager
    - TYModuleServices
    - TYUIKit
  - TYSocketPing (1.0.0):
    - TuyaSmartBaseKit
  - TYTabPagingView (1.0.5):
    - HMSegmentedControl (= 1.5.7.tuya)
    - TYFoundationKit
    - TYSmartBusinessLibrary
    - TYUIKit
  - TYTarKit (0.1.5)
  - TYThemeModule (0.7.1):
    - TYModuleManager
    - TYModuleServices
    - TYNavigationController
    - TYOEMConfig
    - TYUIKit
  - TYTimerModule (2.7.1):
    - TuyaSmartDeviceCoreKit
    - TuyaSmartTimerKit
    - TYAlertPickerComponent
    - TYBluetoothInterface
    - TYFoundationKit
    - TYModuleManager
    - TYModuleServices
    - TYOEMConfig
    - TYSmartBusinessLibrary
    - TYSmartEventPredefined
    - TYUIKit
    - TYUrlPredefined
  - TYUIConfig (0.1.5):
    - Masonry
    - TuyaNormalUI
    - TYModuleManager
    - TYOEMConfig
  - TYUIKit (1.18.21):
    - Masonry
    - TYLogMacro
    - TYOEMConfig
  - TYUrlPredefined (0.2.106):
    - TYUrlPredefinedExternal
  - TYUrlPredefinedExternal (0.2.52)
  - TYVideoCipper (1.0.1-tybizbundle.3.22.0-1):
    - Masonry
    - TYFoundationKit
    - TYOEMConfig
    - TYProgressHUD
    - TYUIKit
  - TYVideoPlayer (2.0.3-lamp-rc.1):
    - Masonry
    - TYFoundationKit
    - TYSmartBusinessLibrary
  - TZImagePickerController (3.8.4):
    - TZImagePickerController/Basic (= 3.8.4)
    - TZImagePickerController/Location (= 3.8.4)
  - TZImagePickerController/Basic (3.8.4)
  - TZImagePickerController/Location (3.8.4)
  - yoga (0.59.10)
  - YYModel (1.0.4)

DEPENDENCIES:
  - libextobjc
  - Masonry
  - MMKV (= 1.0.18)
  - SDWebImage
  - SVProgressHUD
  - TuyaCommercialLightingActivatorBizBundle (~> 1.11.5.1)
  - TuyaCommercialLightingKit (= 1.12.5)
  - TuyaCommercialLightingPanelBizBundle (~> 1.11.5.1)
  - TuyaSmartBLEKit
  - TuyaSmartBLEMeshKit
  - TuyaSmartUserToBKit (= 3.26.6)
  - TYBLEInterfaceImpl (= 0.3.0-lampbizbundle-1.11.5.1.3)
  - TYBLELampManager (= 1.12.0)
  - TYBLEMeshInterfaceImpl (= 0.0.9-lampbizbundle-1.11.5.1.3)

SPEC REPOS:
  https://github.com/TuyaInc/TuyaPublicSpecs.git:
    - ATGestureLockView
    - DoubleConversion
    - dsBridge
    - Folly
    - glog
    - HMSegmentedControl
    - MMKV
    - React
    - react-native-image-picker
    - react-native-maps
    - react-native-video
    - rn-fetch-blob
    - RNSVG
    - RNViewShot
    - TheAmazingAudioEngine
    - TuyaBusinessService
    - TuyaCommercialLightingActivatorBizBundle
    - TuyaCommercialLightingPanelBizBundle
    - TuyaNormalUI
    - TuyaRNApi
    - TuyaSmartActivatorExtraBizBundle
    - TuyaSmartBizCore
    - TYActivatorModule
    - TYAlertPickerComponent
    - TYAlertView
    - TYAnimationKit
    - TYBaseDebugger
    - TYBleGatewayService
    - TYBLEInterfaceImpl
    - TYBLELampManager
    - TYBLEMeshInterfaceImpl
    - TYBlockKit
    - TYBluetoothInterface
    - TYCamCaptureKit
    - TYConfigHub
    - TYDomainQueryModule
    - TYFeedBackModule
    - TYFileDownloadManager
    - TYFileUploadKit
    - TYHelpCenterModule
    - TYHybridContainer
    - TYKVStorageLibrary
    - TYLampModuleServices
    - TYLogMacro
    - TYModuleManager
    - TYModuleServices
    - TYNavigationController
    - TYOEMConfig
    - TYPanelBundleManager
    - TYPanelContext
    - TYPanelModule
    - TYPhotoBrowser
    - TYPopupViewController
    - TYProgressHUD
    - TYQRCodeModule
    - TYRCTAESImageView
    - TYRCTAnimatedImageManager
    - TYRCTAPMEventManager
    - TYRCTAPMTrackManager
    - TYRCTAudioPlayerManager
    - TYRCTBLEManager
    - TYRCTBluetoothUtilManager
    - TYRCTCameraViewManager
    - TYRCTCameraViewMotionManager
    - TYRCTConicGradientViewManager
    - TYRCTCountrySelectManager
    - TYRCTCurveChartView
    - TYRCTDeviceMultiManager
    - TYRCTEncryptImageDownloadManager
    - TYRCTFileDownloadManager
    - TYRCTFileManager
    - TYRCTGestureLockViewManager
    - TYRCTHapticsManager
    - TYRCTHomeDevManager
    - TYRCTHomeManager
    - TYRCTHueCircleView
    - TYRCTIoTCardManager
    - TYRCTLifecycleManager
    - TYRCTLineChartView
    - TYRCTLocalAlarmManager
    - TYRCTMeshPanelManager
    - TYRCTMqttManager
    - TYRCTMultiImagePickerManager
    - TYRCTMultiLineChartView
    - TYRCTMusicManager
    - TYRCTNavManager
    - TYRCTNewTopBar
    - TYRCTOfficialGeofenceManager
    - TYRCTOrientationManager
    - TYRCTPanelDeviceManager
    - TYRCTPanelManager
    - TYRCTPicker
    - TYRCTPublicBLEBeaconManager
    - TYRCTPublicBLELockManager
    - TYRCTPublicManager
    - TYRCTRouteGatewayManager
    - TYRCTShareManager
    - TYRCTSlider
    - TYRCTStandardGroupManager
    - TYRCTSwitch
    - TYRCTTopBar
    - TYRCTUserManager
    - TYRCTZigbeeEventManager
    - TYReactNative
    - TYRealClass
    - TYSmartActionDialog
    - TYSmartBusinessLibrary
    - TYSmartEventPredefined
    - TYSmartEventPredefined_Public
    - TYSmartLampActivatorLink
    - TYSmartLampPanelLink
    - TYSocketPing
    - TYTabPagingView
    - TYTarKit
    - TYThemeModule
    - TYTimerModule
    - TYUIConfig
    - TYUIKit
    - TYUrlPredefined
    - TYUrlPredefinedExternal
    - TYVideoCipper
    - TYVideoPlayer
    - yoga
  trunk:
    - boost-for-react-native
    - CocoaAsyncSocket
    - DACircularProgress
    - EZAudio
    - IQKeyboardManager
    - libextobjc
    - libwebp
    - lottie-ios
    - Masonry
    - MJRefresh
    - Reachability
    - SDWebImage
    - SVProgressHUD
    - TPCircularBuffer
    - TuyaCommercialLightingKit
    - TuyaLightingEnergyConsumptionKit
    - TuyaSmartActivatorCoreKit
    - TuyaSmartBaseKit
    - TuyaSmartBLECoreKit
    - TuyaSmartBLEKit
    - TuyaSmartBLEMeshKit
    - TuyaSmartCommercialLightingSdk
    - TuyaSmartDeviceCoreKit
    - TuyaSmartFeedbackKit
    - TuyaSmartMbedTLS
    - TuyaSmartMQTTChannelKit
    - TuyaSmartNetworkKit
    - TuyaSmartQUIC
    - TuyaSmartSocketChannelKit
    - TuyaSmartTimerKit
    - TuyaSmartUserToBKit
    - TuyaSmartUtil
    - TYBluetooth
    - TYEncryptImage
    - TYFoundationKit
    - TYMbedtls
    - TZImagePickerController
    - YYModel

SPEC CHECKSUMS:
  ATGestureLockView: cc0c245d50a8cc34c4011e24395d5d384de5b25c
  boost-for-react-native: 39c7adb57c4e60d6c5479dd8623128eb5b3f0f2c
  CocoaAsyncSocket: 065fd1e645c7abab64f7a6a2007a48038fdc6a99
  DACircularProgress: 4dd437c0fc3da5161cb289e07ac449493d41db71
  DoubleConversion: bb338842f62ab1d708ceb63ec3d999f0f3d98ecd
  dsBridge: a450659b92c5d298202b44bb1518a9d302e6e3d0
  EZAudio: 3b1cb4b6d7ebca68f0c2478576d75940aad4aa99
  Folly: de497beb10f102453a1afa9edbf8cf8a251890de
  glog: aefd1eb5dda2ab95ba0938556f34b98e2da3a60d
  HMSegmentedControl: 494fe4ce742111dc6a1082819ee6154bb01ac0d9
  IQKeyboardManager: ef43ce1ba1e5aaf4adf222c0a46f39761f246879
  libextobjc: aed8b7d2b07f511c1a7ecaacb33ea03e327c69b7
  libwebp: 1786c9f4ff8a279e4dac1e8f385004d5fc253009
  lottie-ios: d699fdee68d7b63e721d949388b015fef1aaa4ac
  Masonry: 678fab65091a9290e40e2832a55e7ab731aad201
  MJRefresh: 2fe7fb43a5167ceda20bb7e63f130c04fd1814a5
  MMKV: e8842c5e3acf92ca0829f469d236c951706a7c66
  Reachability: 33e18b67625424e47b6cde6d202dce689ad7af96
  React: f00b92d720239b4eeb6c71df30a1a81f948c7de4
  react-native-image-picker: 687658e14540c8c0aa5f76e734142b2d79ec2362
  react-native-maps: 1c8032989fd51d0b8f3b21ec2782e1358db52686
  react-native-video: aeedeaf3e23b5c28987b69ed6dcffc171760220f
  rn-fetch-blob: 0fdb19fbbb1914398b371f40d492ef5df755f5e7
  RNSVG: e954b49ad7fddd9b1474fbff8b9b6455a04704e9
  RNViewShot: 0ade0f830cb1f5459ea80d7c8de389c604c130ae
  SDWebImage: 981fd7e860af070920f249fd092420006014c3eb
  SVProgressHUD: 1428aafac632c1f86f62aa4243ec12008d7a51d6
  TheAmazingAudioEngine: 9f92a845343b9999ade4f4dc2e8d8822350d0dec
  TPCircularBuffer: 4960a919e667280f7f38963d771f45871b64fe62
  TuyaBusinessService: d54670f78aa85423d90814bdfd88f897881b578a
  TuyaCommercialLightingActivatorBizBundle: 09810f6f518f42574f1f111be17ec1a5416234a4
  TuyaCommercialLightingKit: 64c406e8fc9085e51a1cd4fdba07f68215527efe
  TuyaCommercialLightingPanelBizBundle: da6ba4c89e743942d46a049c5151a9f66fcefc98
  TuyaLightingEnergyConsumptionKit: 5f0a2b66fdfea7cc87d90c77d6c0aa3e205c4429
  TuyaNormalUI: 5f29aee6e8618ad19655b9c67c163dcb35f75fdc
  TuyaRNApi: ed683db896ec2fa8ae95c28458ad2d4da84098cf
  TuyaSmartActivatorCoreKit: bc48a6449762d2a7692dedc4639fb830f0956737
  TuyaSmartActivatorExtraBizBundle: c9d8fdb3cc11acc3bb35f98cc326bbcf4f1ef631
  TuyaSmartBaseKit: 41bccb312a050e1813b938a6c6a8d829f2301f3b
  TuyaSmartBizCore: 20fe57d211ef4c2f91dc32883397048ddc78f1f1
  TuyaSmartBLECoreKit: 288b8d168aae4f5122dc98758129293912782ec9
  TuyaSmartBLEKit: ab381a874c53f9d4ae1aab09aa46bf408a4c39e5
  TuyaSmartBLEMeshKit: 819d336d7b37df74b080e38d0443363ed9892ea7
  TuyaSmartCommercialLightingSdk: 9a54f1b1030733a6ed93e84238bf3814433e2a0e
  TuyaSmartDeviceCoreKit: af128e2766399cf5b244fac7e22eb0ddb52910b3
  TuyaSmartFeedbackKit: eb12d0767b9f09c6f765fbffa6e06e7f89ce9a90
  TuyaSmartMbedTLS: 7fb545e0e1cfef546be2c7aafd0ab9f0642976b6
  TuyaSmartMQTTChannelKit: 83dd5057d8f32436b079588c049a2038a590c025
  TuyaSmartNetworkKit: 5fb3b467aa547ef7e3dddf1e07bdcd659cec6931
  TuyaSmartQUIC: fc6d0cc6123734c8268f8c1354697203c8b16a82
  TuyaSmartSocketChannelKit: 692000b1139b0c2dfde63aa6f2562668d584a886
  TuyaSmartTimerKit: f3bd2c93136edca6d59855c959127992627657fc
  TuyaSmartUserToBKit: 2e0b623419f1bc8f516c118b3b60a4b666a6e0f9
  TuyaSmartUtil: 2e39e5fefd117767c7b2a4d8e2333afca1072170
  TYActivatorModule: 770dc83083f4f5b427169209a3be1d616e4cde35
  TYAlertPickerComponent: d92a1f993f94ba77f9106048dde17ddbbf6e0f21
  TYAlertView: c5aaa2fd5282839ad11ea3345dc0a4a3d5f8cd82
  TYAnimationKit: 3e6c5716cc9d131d6baca8d05b77ccaea14f74f3
  TYBaseDebugger: 9c051ec3e8df476d69e2230e71da9fd825429d13
  TYBleGatewayService: 5b3a2d268b375d5a85344d75f80c815683063026
  TYBLEInterfaceImpl: 7a33bc115d00ba017552db1ac5a9c8cdd23d16e7
  TYBLELampManager: 2ffba9a8ad43943935cab9a1eab5258962051bd3
  TYBLEMeshInterfaceImpl: 16d4dfcda538b772305ed4b6c87498080881cfab
  TYBlockKit: 6912799399e967fb5f44cf9dfcbf1939900bd160
  TYBluetooth: a2c99b14fc8c50e18c13c3e3be198089b22be866
  TYBluetoothInterface: 733334747f77b67aa3068a0c49ead5213c27f394
  TYCamCaptureKit: 4563a3c18b2f96b23b084d4e70b781f5e9cb5489
  TYConfigHub: 9bc4402d06e62917a0eda43aa558645d5abb205c
  TYDomainQueryModule: bf52f45bed84e4c1e899ecc96395459f7805be51
  TYEncryptImage: a15e718c8935fcf962db8c10a9f0648e0e884447
  TYFeedBackModule: 8cf3d84b555d55b66f2e44b6aa0644ad94a52837
  TYFileDownloadManager: c3d94f241b2defbbd0330f96a194b5d59f228ceb
  TYFileUploadKit: 2e5637383b9699d5fc33a5f67e81494459578571
  TYFoundationKit: 9af7e7a681abed6808169eed06fc1dfb749f5d48
  TYHelpCenterModule: 04deecae8cc7ac2f2585bc1b0ba2a4f8b5d74d0f
  TYHybridContainer: f388cd57814b13b49c43d65171e9dd7c23943e5a
  TYKVStorageLibrary: 8e3d302152d94ca38f68a5d8d43b81a6f1e0851c
  TYLampModuleServices: 11c15c7d8e24ca31b3a64916e0173fa508b1b447
  TYLogMacro: 94d61f38fe3d7d2a526027243e130e8c31b9c426
  TYMbedtls: de670f7c1a5bb00d658067c76ec19bda4966611c
  TYModuleManager: 69f61dada1875f9e4df332d3fe80adebb290105d
  TYModuleServices: 8e30b6d5f08048e30b0fc42e62a4b638dd9600fa
  TYNavigationController: 446167f9099042aac18cdd35fff1334139030a35
  TYOEMConfig: fa54354c82942157cf951a92ea3099dc444a1f24
  TYPanelBundleManager: 6a2d9adc5041d74b3be86883fdfe38e807fd18ef
  TYPanelContext: d50cac7fca2bd95b479547e3782ffbeacf551670
  TYPanelModule: 73d9b46205b2245352e87ad5579a15e35bc663c8
  TYPhotoBrowser: e3fd2aef41a9aa71b088254d2164036ed9157bad
  TYPopupViewController: 427f91a06388f8313b6777b630294265c0aa03bf
  TYProgressHUD: 92d0ed2e01b729d8738947e1e7369fb897f5a131
  TYQRCodeModule: 8c67ce730a8b235d7a26ae7d25635c78dc21def2
  TYRCTAESImageView: f1f666786d1856896da1bc83a34f108dd99a76fa
  TYRCTAnimatedImageManager: b3aa4bf0836c3a6579e2a46f54c58c92661cb8b2
  TYRCTAPMEventManager: ba7b269e6cd965ec8384959773473d096b425548
  TYRCTAPMTrackManager: 2b7fdc0d9221623bb87145d1e5876245f4fcea81
  TYRCTAudioPlayerManager: d39de5cb4f07b0c97a16f35984dc57a436e1db86
  TYRCTBLEManager: 1b926cea175d3334e99b6faaf328ff4fed190bac
  TYRCTBluetoothUtilManager: ccce5ed4bf61e123fde61c3bb82513b4f1519240
  TYRCTCameraViewManager: 2b6f711d77de93aacd0f37a4dbf3ac2cf607e7df
  TYRCTCameraViewMotionManager: 78977ef88099ba8d8f8660b5444d4c0429214e6f
  TYRCTConicGradientViewManager: 50666eba53b630214aac756568cb3c789f9d9603
  TYRCTCountrySelectManager: 4e270f25bf22fac391f84be31ecba2abe9041855
  TYRCTCurveChartView: d75cbd9549d5762970d131a6acef378ab97f7e4d
  TYRCTDeviceMultiManager: a2b3c4a12633b04581a3c2c273fba04eae26e912
  TYRCTEncryptImageDownloadManager: 7390f4493ebc63ff3410a25282fa133b9cfd6487
  TYRCTFileDownloadManager: e65b9e544ec9f486ba6c33ebd1ff33711fb7aad6
  TYRCTFileManager: e6a63d2846f1cb3671009baa564271d4be147c98
  TYRCTGestureLockViewManager: 47e80cd4b8a9810a6bdad3ed7194e553b352226e
  TYRCTHapticsManager: 03113a78154617331245f4d08c9e46e57f2b65fc
  TYRCTHomeDevManager: 53d9d733738689a7281a90045dff1dcdd200d998
  TYRCTHomeManager: 52b0223e0f7e20a02e05a279d3c172a543f0eca6
  TYRCTHueCircleView: 7de220844c1be201c9531524932240b5af7233ff
  TYRCTIoTCardManager: cacd1575e37527d88e33f7750ed256b591fe9f43
  TYRCTLifecycleManager: 830457713ffff483272345ae30515d40098c55ae
  TYRCTLineChartView: 685ddc1a15481a9c558a7670b771db253297e533
  TYRCTLocalAlarmManager: d133e253f3aa163f80abd37197ae5c30ac5a82e5
  TYRCTMeshPanelManager: 6032250b74b41c7590c37f03dabca1d93952aa5b
  TYRCTMqttManager: dd41f1d1d11cee320158d12e28bd23cf36e83cc8
  TYRCTMultiImagePickerManager: 7bd7f575b8ae87581f38fc68822bfb617e46ea87
  TYRCTMultiLineChartView: 1aacc3f3ae29c068a2403ae85d62dfde9ccb0b86
  TYRCTMusicManager: 3f6bff32c1539419d9b0c8e284c8a5d21a58febb
  TYRCTNavManager: d2acc2dec9ef046e0d54ce94f2fa3ad1630d70bf
  TYRCTNewTopBar: f6fa157ae8493a26f576ebb644ac6119f8abc1de
  TYRCTOfficialGeofenceManager: 48fcc41dd301cbed30a1ba69fe2e885b2362ad61
  TYRCTOrientationManager: 9c6218f2160986f224b4d3fb70f38963ce02b283
  TYRCTPanelDeviceManager: 6177215fc7c8840c7294256642b794c5bfa6df9e
  TYRCTPanelManager: fba050fb406fc2c971bc53e050993eddab1d9311
  TYRCTPicker: b05bfb9dd744e866977edd768b66edee4fc80251
  TYRCTPublicBLEBeaconManager: e0e44ebe7323a74f6e44fca303a25ad7efa8eed9
  TYRCTPublicBLELockManager: 43b0f255eb0bb7d8e940b7ed9c02e34101d6790b
  TYRCTPublicManager: 625d2ca4790c0131b5df2f245bf2cb0c4caf86b7
  TYRCTRouteGatewayManager: b3f45f04a3918a1eae3a549d97f6d1d4744a5d3c
  TYRCTShareManager: e770f4dfe20950f77232fc4453dd537e8ee41997
  TYRCTSlider: 677176e0b3015af470d11618d572ec1f38905421
  TYRCTStandardGroupManager: 90b60dd4251343674e14e69ce16fd98f38392509
  TYRCTSwitch: 046f9f4e6521b2680a96c9f8722420f06ba19e16
  TYRCTTopBar: 86bacdda17621c0596218a2f02ca332035ce6428
  TYRCTUserManager: 31f20e09ec4b4d44a59022eb583f7409f4d4be2a
  TYRCTZigbeeEventManager: 3b92c2042cb3c08dd49e22aeb3695fedbbb3eee2
  TYReactNative: 659ef4efed07c719bc6ce2afd9377f9ec1d80d07
  TYRealClass: cc9e7d0e1550b0c89caeaea747733cf32c598ef0
  TYSmartActionDialog: 7aaec74392589e1022c3b4e8d20a49fa4650a24f
  TYSmartBusinessLibrary: 6c5bc35ae1ab1e03f4bb24f274eccf0f638ed915
  TYSmartEventPredefined: 5788dbc4c4657e941b9e77f3713beb65020a15fa
  TYSmartEventPredefined_Public: ef46c2a321bfe33866222dd71580c2c7580f4fcb
  TYSmartLampActivatorLink: 3c4c11bf57ae7dde89c9f14615c27839d809e530
  TYSmartLampPanelLink: 697fd553408cc32a8c88f242d57695c27d5ca1b3
  TYSocketPing: f1e7c6359b08388f7e27bad7471d172d22efc233
  TYTabPagingView: 29a5ec300b1368d7730cf0135f8ace9450c3ab7c
  TYTarKit: d13c8ab6a575de34ee8ab9ffde26770719efacaf
  TYThemeModule: 486ac46f76ecb8b83455f6e8b03048e417a188a0
  TYTimerModule: 0376b46655c0f25c92e7e8609cc7a4bd8e63f1e1
  TYUIConfig: 0b4a1a21d93b8dd0c68df5a7a8ecdb1edc153bf7
  TYUIKit: 602776f91698df22365790489b4ccce21f812ee2
  TYUrlPredefined: 1770fbca5e06da032e2845120ff982e38d54d0cb
  TYUrlPredefinedExternal: f0a11337ef39d379c887ef45c677306ebe203279
  TYVideoCipper: 97c459b873c30f846ca4509fd673eb6b2eb0f63d
  TYVideoPlayer: 9085d340e6b313155e9b4e00b1d97a6f65d33f45
  TZImagePickerController: f1c9f1cae6ac0e30b31aaa9698f9bf4a7cf5b84f
  yoga: de250387cf03ed6db1be7d00ffd2bf676a2f28a6
  YYModel: 2a7fdd96aaa4b86a824e26d0c517de8928c04b30

PODFILE CHECKSUM: f2fa04d3ed8069bdef3185b53aba9cdcdb0be536

COCOAPODS: 1.14.3
